
Microsoft Visual Studio Solution File, Format Version 12.00
# Visual Studio Version 16
VisualStudioVersion = 16.0.30523.141
MinimumVisualStudioVersion = 10.0.40219.1
Project("{FAE04EC0-301F-11D3-BF4B-00C04F79EFBC}") = "01.StudentClass", "01.StudentClass\01.StudentClass.csproj", "{D72E1980-DB69-4A22-8480-C6136B5E690D}"
EndProject
Project("{FAE04EC0-301F-11D3-BF4B-00C04F79EFBC}") = "04.PersonClass", "04.PersonClass\04.PersonClass.csproj", "{FDE0D46B-2061-4805-A23B-C00C45B86072}"
EndProject
Project("{FAE04EC0-301F-11D3-BF4B-00C04F79EFBC}") = "05.BitArray", "05.BitArray\05.BitArray.csproj", "{3E915254-3BBA-401E-AC4D-AE4408E0E9C2}"
EndProject
Global
	GlobalSection(SolutionConfigurationPlatforms) = preSolution
		Debug|Any CPU = Debug|Any CPU
		Release|Any CPU = Release|Any CPU
	EndGlobalSection
	GlobalSection(ProjectConfigurationPlatforms) = postSolution
		{D72E1980-DB69-4A22-8480-C6136B5E690D}.Debug|Any CPU.ActiveCfg = Debug|Any CPU
		{D72E1980-DB69-4A22-8480-C6136B5E690D}.Debug|Any CPU.Build.0 = Debug|Any CPU
		{D72E1980-DB69-4A22-8480-C6136B5E690D}.Release|Any CPU.ActiveCfg = Release|Any CPU
		{D72E1980-DB69-4A22-8480-C6136B5E690D}.Release|Any CPU.Build.0 = Release|Any CPU
		{FDE0D46B-2061-4805-A23B-C00C45B86072}.Debug|Any CPU.ActiveCfg = Debug|Any CPU
		{FDE0D46B-2061-4805-A23B-C00C45B86072}.Debug|Any CPU.Build.0 = Debug|Any CPU
		{FDE0D46B-2061-4805-A23B-C00C45B86072}.Release|Any CPU.ActiveCfg = Release|Any CPU
		{FDE0D46B-2061-4805-A23B-C00C45B86072}.Release|Any CPU.Build.0 = Release|Any CPU
		{3E915254-3BBA-401E-AC4D-AE4408E0E9C2}.Debug|Any CPU.ActiveCfg = Debug|Any CPU
		{3E915254-3BBA-401E-AC4D-AE4408E0E9C2}.Debug|Any CPU.Build.0 = Debug|Any CPU
		{3E915254-3BBA-401E-AC4D-AE4408E0E9C2}.Release|Any CPU.ActiveCfg = Release|Any CPU
		{3E915254-3BBA-401E-AC4D-AE4408E0E9C2}.Release|Any CPU.Build.0 = Release|Any CPU
	EndGlobalSection
	GlobalSection(SolutionProperties) = preSolution
		HideSolutionNode = FALSE
	EndGlobalSection
	GlobalSection(ExtensibilityGlobals) = postSolution
		SolutionGuid = {B6B2ADB4-A4D1-4E41-A2C5-0D098C1F5332}
	EndGlobalSection
EndGlobal
