
Microsoft Visual Studio Solution File, Format Version 12.00
# Visual Studio Version 16
VisualStudioVersion = 16.0.30523.141
MinimumVisualStudioVersion = 10.0.40219.1
Project("{FAE04EC0-301F-11D3-BF4B-00C04F79EFBC}") = "02.ReverseString", "02.ReverseString\02.ReverseString.csproj", "{65949960-9324-4429-8BDF-02A1D1B3BD24}"
EndProject
Global
	GlobalSection(SolutionConfigurationPlatforms) = preSolution
		Debug|Any CPU = Debug|Any CPU
		Release|Any CPU = Release|Any CPU
	EndGlobalSection
	GlobalSection(ProjectConfigurationPlatforms) = postSolution
		{65949960-9324-4429-8BDF-02A1D1B3BD24}.Debug|Any CPU.ActiveCfg = Debug|Any CPU
		{65949960-9324-4429-8BDF-02A1D1B3BD24}.Debug|Any CPU.Build.0 = Debug|Any CPU
		{65949960-9324-4429-8BDF-02A1D1B3BD24}.Release|Any CPU.ActiveCfg = Release|Any CPU
		{65949960-9324-4429-8BDF-02A1D1B3BD24}.Release|Any CPU.Build.0 = Release|Any CPU
	EndGlobalSection
	GlobalSection(SolutionProperties) = preSolution
		HideSolutionNode = FALSE
	EndGlobalSection
	GlobalSection(ExtensibilityGlobals) = postSolution
		SolutionGuid = {E749ADC8-61D7-46D2-8BBA-1A08C5890F0D}
	EndGlobalSection
EndGlobal
