
Microsoft Visual Studio Solution File, Format Version 12.00
# Visual Studio Version 16
VisualStudioVersion = 16.0.31005.135
MinimumVisualStudioVersion = 10.0.40219.1
Project("{FAE04EC0-301F-11D3-BF4B-00C04F79EFBC}") = "DPS.Models", "DPS.Models\DPS.Models.csproj", "{2AC7C9AC-F29A-4BF5-BEB6-729BF4B5FA04}"
EndProject
Project("{FAE04EC0-301F-11D3-BF4B-00C04F79EFBC}") = "DPS.Data", "DPS.Data\DPS.Data.csproj", "{9CB6622A-9E5F-4FC0-B76A-7ED36764B07F}"
EndProject
Project("{FAE04EC0-301F-11D3-BF4B-00C04F79EFBC}") = "DPS.Client", "DPS.Client\DPS.Client.csproj", "{B36D660B-4787-44C9-9AD5-7ABB656D4CD8}"
EndProject
Global
	GlobalSection(SolutionConfigurationPlatforms) = preSolution
		Debug|Any CPU = Debug|Any CPU
		Release|Any CPU = Release|Any CPU
	EndGlobalSection
	GlobalSection(ProjectConfigurationPlatforms) = postSolution
		{2AC7C9AC-F29A-4BF5-BEB6-729BF4B5FA04}.Debug|Any CPU.ActiveCfg = Debug|Any CPU
		{2AC7C9AC-F29A-4BF5-BEB6-729BF4B5FA04}.Debug|Any CPU.Build.0 = Debug|Any CPU
		{2AC7C9AC-F29A-4BF5-BEB6-729BF4B5FA04}.Release|Any CPU.ActiveCfg = Release|Any CPU
		{2AC7C9AC-F29A-4BF5-BEB6-729BF4B5FA04}.Release|Any CPU.Build.0 = Release|Any CPU
		{9CB6622A-9E5F-4FC0-B76A-7ED36764B07F}.Debug|Any CPU.ActiveCfg = Debug|Any CPU
		{9CB6622A-9E5F-4FC0-B76A-7ED36764B07F}.Debug|Any CPU.Build.0 = Debug|Any CPU
		{9CB6622A-9E5F-4FC0-B76A-7ED36764B07F}.Release|Any CPU.ActiveCfg = Release|Any CPU
		{9CB6622A-9E5F-4FC0-B76A-7ED36764B07F}.Release|Any CPU.Build.0 = Release|Any CPU
		{B36D660B-4787-44C9-9AD5-7ABB656D4CD8}.Debug|Any CPU.ActiveCfg = Debug|Any CPU
		{B36D660B-4787-44C9-9AD5-7ABB656D4CD8}.Debug|Any CPU.Build.0 = Debug|Any CPU
		{B36D660B-4787-44C9-9AD5-7ABB656D4CD8}.Release|Any CPU.ActiveCfg = Release|Any CPU
		{B36D660B-4787-44C9-9AD5-7ABB656D4CD8}.Release|Any CPU.Build.0 = Release|Any CPU
	EndGlobalSection
	GlobalSection(SolutionProperties) = preSolution
		HideSolutionNode = FALSE
	EndGlobalSection
	GlobalSection(ExtensibilityGlobals) = postSolution
		SolutionGuid = {2E8336F1-5977-44BD-AB5F-3515B57F6F2C}
	EndGlobalSection
EndGlobal
