
Microsoft Visual Studio Solution File, Format Version 12.00
# Visual Studio Version 16
VisualStudioVersion = 16.0.29509.3
MinimumVisualStudioVersion = 10.0.40219.1
Project("{9A19103F-16F7-4668-BE54-9A1E7A4F7556}") = "01.SumOfThreeNumbers", "01.SumOfThreeNumbers\01.SumOfThreeNumbers.csproj", "{4E7D13CA-4D92-4DC7-A16A-372DFEC3A701}"
EndProject
Project("{9A19103F-16F7-4668-BE54-9A1E7A4F7556}") = "02.CompanyInfo", "02.CompanyInfo\02.CompanyInfo.csproj", "{A36BDDED-46FE-4EB4-B548-69F8C480359A}"
EndProject
Project("{9A19103F-16F7-4668-BE54-9A1E7A4F7556}") = "03.Circle", "03.Circle\03.Circle.csproj", "{B0ABB4F1-DA0B-48EE-8592-06394F97E0F5}"
EndProject
Project("{FAE04EC0-301F-11D3-BF4B-00C04F79EFBC}") = "04.FormattingNumbers", "04.FormattingNumbers\04.FormattingNumbers.csproj", "{CC40FDA8-39DF-4216-B50E-567E85571B2D}"
EndProject
Project("{FAE04EC0-301F-11D3-BF4B-00C04F79EFBC}") = "05.NumberComparer", "05.NumberComparer\05.NumberComparer.csproj", "{1200B2E9-1CFC-4048-A1A8-FCBD56458FE7}"
EndProject
Project("{FAE04EC0-301F-11D3-BF4B-00C04F79EFBC}") = "06.QuadraticEquation", "06.QuadraticEquation\06.QuadraticEquation.csproj", "{56B091EA-395F-4236-913A-B8DC3F9418EE}"
EndProject
Project("{FAE04EC0-301F-11D3-BF4B-00C04F79EFBC}") = "07.SumOf5Numbers", "07.SumOf5Numbers\07.SumOf5Numbers.csproj", "{2826EE0E-93A1-4A3C-B9C7-EDB629E750AA}"
EndProject
Project("{FAE04EC0-301F-11D3-BF4B-00C04F79EFBC}") = "08.NumbersFrom1ToN", "08.NumbersFrom1ToN\08.NumbersFrom1ToN.csproj", "{3D916E7C-0036-4F58-9F40-E1EFE3E0D0AF}"
EndProject
Project("{FAE04EC0-301F-11D3-BF4B-00C04F79EFBC}") = "09.SumOfNNumbers", "09.SumOfNNumbers\09.SumOfNNumbers.csproj", "{7114C474-2A98-4F86-B3E8-ABC7EAAD0A0E}"
EndProject
Project("{FAE04EC0-301F-11D3-BF4B-00C04F79EFBC}") = "10.FibonacciNumbers", "10.FibonacciNumbers\10.FibonacciNumbers.csproj", "{3C1C17CC-A97E-4E58-B691-86A4BC927912}"
EndProject
Project("{FAE04EC0-301F-11D3-BF4B-00C04F79EFBC}") = "11.Interval", "11.Interval\11.Interval.csproj", "{99A0207E-D842-48C2-9F95-F7BF2C1A06F8}"
EndProject
Global
	GlobalSection(SolutionConfigurationPlatforms) = preSolution
		Debug|Any CPU = Debug|Any CPU
		Release|Any CPU = Release|Any CPU
	EndGlobalSection
	GlobalSection(ProjectConfigurationPlatforms) = postSolution
		{4E7D13CA-4D92-4DC7-A16A-372DFEC3A701}.Debug|Any CPU.ActiveCfg = Debug|Any CPU
		{4E7D13CA-4D92-4DC7-A16A-372DFEC3A701}.Debug|Any CPU.Build.0 = Debug|Any CPU
		{4E7D13CA-4D92-4DC7-A16A-372DFEC3A701}.Release|Any CPU.ActiveCfg = Release|Any CPU
		{4E7D13CA-4D92-4DC7-A16A-372DFEC3A701}.Release|Any CPU.Build.0 = Release|Any CPU
		{A36BDDED-46FE-4EB4-B548-69F8C480359A}.Debug|Any CPU.ActiveCfg = Debug|Any CPU
		{A36BDDED-46FE-4EB4-B548-69F8C480359A}.Debug|Any CPU.Build.0 = Debug|Any CPU
		{A36BDDED-46FE-4EB4-B548-69F8C480359A}.Release|Any CPU.ActiveCfg = Release|Any CPU
		{A36BDDED-46FE-4EB4-B548-69F8C480359A}.Release|Any CPU.Build.0 = Release|Any CPU
		{B0ABB4F1-DA0B-48EE-8592-06394F97E0F5}.Debug|Any CPU.ActiveCfg = Debug|Any CPU
		{B0ABB4F1-DA0B-48EE-8592-06394F97E0F5}.Debug|Any CPU.Build.0 = Debug|Any CPU
		{B0ABB4F1-DA0B-48EE-8592-06394F97E0F5}.Release|Any CPU.ActiveCfg = Release|Any CPU
		{B0ABB4F1-DA0B-48EE-8592-06394F97E0F5}.Release|Any CPU.Build.0 = Release|Any CPU
		{CC40FDA8-39DF-4216-B50E-567E85571B2D}.Debug|Any CPU.ActiveCfg = Debug|Any CPU
		{CC40FDA8-39DF-4216-B50E-567E85571B2D}.Debug|Any CPU.Build.0 = Debug|Any CPU
		{CC40FDA8-39DF-4216-B50E-567E85571B2D}.Release|Any CPU.ActiveCfg = Release|Any CPU
		{CC40FDA8-39DF-4216-B50E-567E85571B2D}.Release|Any CPU.Build.0 = Release|Any CPU
		{1200B2E9-1CFC-4048-A1A8-FCBD56458FE7}.Debug|Any CPU.ActiveCfg = Debug|Any CPU
		{1200B2E9-1CFC-4048-A1A8-FCBD56458FE7}.Debug|Any CPU.Build.0 = Debug|Any CPU
		{1200B2E9-1CFC-4048-A1A8-FCBD56458FE7}.Release|Any CPU.ActiveCfg = Release|Any CPU
		{1200B2E9-1CFC-4048-A1A8-FCBD56458FE7}.Release|Any CPU.Build.0 = Release|Any CPU
		{56B091EA-395F-4236-913A-B8DC3F9418EE}.Debug|Any CPU.ActiveCfg = Debug|Any CPU
		{56B091EA-395F-4236-913A-B8DC3F9418EE}.Debug|Any CPU.Build.0 = Debug|Any CPU
		{56B091EA-395F-4236-913A-B8DC3F9418EE}.Release|Any CPU.ActiveCfg = Release|Any CPU
		{56B091EA-395F-4236-913A-B8DC3F9418EE}.Release|Any CPU.Build.0 = Release|Any CPU
		{2826EE0E-93A1-4A3C-B9C7-EDB629E750AA}.Debug|Any CPU.ActiveCfg = Debug|Any CPU
		{2826EE0E-93A1-4A3C-B9C7-EDB629E750AA}.Debug|Any CPU.Build.0 = Debug|Any CPU
		{2826EE0E-93A1-4A3C-B9C7-EDB629E750AA}.Release|Any CPU.ActiveCfg = Release|Any CPU
		{2826EE0E-93A1-4A3C-B9C7-EDB629E750AA}.Release|Any CPU.Build.0 = Release|Any CPU
		{3D916E7C-0036-4F58-9F40-E1EFE3E0D0AF}.Debug|Any CPU.ActiveCfg = Debug|Any CPU
		{3D916E7C-0036-4F58-9F40-E1EFE3E0D0AF}.Debug|Any CPU.Build.0 = Debug|Any CPU
		{3D916E7C-0036-4F58-9F40-E1EFE3E0D0AF}.Release|Any CPU.ActiveCfg = Release|Any CPU
		{3D916E7C-0036-4F58-9F40-E1EFE3E0D0AF}.Release|Any CPU.Build.0 = Release|Any CPU
		{7114C474-2A98-4F86-B3E8-ABC7EAAD0A0E}.Debug|Any CPU.ActiveCfg = Debug|Any CPU
		{7114C474-2A98-4F86-B3E8-ABC7EAAD0A0E}.Debug|Any CPU.Build.0 = Debug|Any CPU
		{7114C474-2A98-4F86-B3E8-ABC7EAAD0A0E}.Release|Any CPU.ActiveCfg = Release|Any CPU
		{7114C474-2A98-4F86-B3E8-ABC7EAAD0A0E}.Release|Any CPU.Build.0 = Release|Any CPU
		{3C1C17CC-A97E-4E58-B691-86A4BC927912}.Debug|Any CPU.ActiveCfg = Debug|Any CPU
		{3C1C17CC-A97E-4E58-B691-86A4BC927912}.Debug|Any CPU.Build.0 = Debug|Any CPU
		{3C1C17CC-A97E-4E58-B691-86A4BC927912}.Release|Any CPU.ActiveCfg = Release|Any CPU
		{3C1C17CC-A97E-4E58-B691-86A4BC927912}.Release|Any CPU.Build.0 = Release|Any CPU
		{99A0207E-D842-48C2-9F95-F7BF2C1A06F8}.Debug|Any CPU.ActiveCfg = Debug|Any CPU
		{99A0207E-D842-48C2-9F95-F7BF2C1A06F8}.Debug|Any CPU.Build.0 = Debug|Any CPU
		{99A0207E-D842-48C2-9F95-F7BF2C1A06F8}.Release|Any CPU.ActiveCfg = Release|Any CPU
		{99A0207E-D842-48C2-9F95-F7BF2C1A06F8}.Release|Any CPU.Build.0 = Release|Any CPU
	EndGlobalSection
	GlobalSection(SolutionProperties) = preSolution
		HideSolutionNode = FALSE
	EndGlobalSection
	GlobalSection(ExtensibilityGlobals) = postSolution
		SolutionGuid = {3507DFB2-7261-4A53-8047-2F19246423F1}
	EndGlobalSection
EndGlobal
