
Microsoft Visual Studio Solution File, Format Version 12.00
# Visual Studio Version 16
VisualStudioVersion = 16.0.29509.3
MinimumVisualStudioVersion = 10.0.40219.1
Project("{FAE04EC0-301F-11D3-BF4B-00C04F79EFBC}") = "01.SumOfThreeNumbers", "01.SumOfThreeNumbers\01.SumOfThreeNumbers.csproj", "{4E7D13CA-4D92-4DC7-A16A-372DFEC3A701}"
EndProject
Project("{FAE04EC0-301F-11D3-BF4B-00C04F79EFBC}") = "02.CompanyInfo", "02.CompanyInfo\02.CompanyInfo.csproj", "{A36BDDED-46FE-4EB4-B548-69F8C480359A}"
EndProject
Project("{FAE04EC0-301F-11D3-BF4B-00C04F79EFBC}") = "03.Circle", "03.Circle\03.Circle.csproj", "{B0ABB4F1-DA0B-48EE-8592-06394F97E0F5}"
EndProject
Global
	GlobalSection(SolutionConfigurationPlatforms) = preSolution
		Debug|Any CPU = Debug|Any CPU
		Release|Any CPU = Release|Any CPU
	EndGlobalSection
	GlobalSection(ProjectConfigurationPlatforms) = postSolution
		{4E7D13CA-4D92-4DC7-A16A-372DFEC3A701}.Debug|Any CPU.ActiveCfg = Debug|Any CPU
		{4E7D13CA-4D92-4DC7-A16A-372DFEC3A701}.Debug|Any CPU.Build.0 = Debug|Any CPU
		{4E7D13CA-4D92-4DC7-A16A-372DFEC3A701}.Release|Any CPU.ActiveCfg = Release|Any CPU
		{4E7D13CA-4D92-4DC7-A16A-372DFEC3A701}.Release|Any CPU.Build.0 = Release|Any CPU
		{A36BDDED-46FE-4EB4-B548-69F8C480359A}.Debug|Any CPU.ActiveCfg = Debug|Any CPU
		{A36BDDED-46FE-4EB4-B548-69F8C480359A}.Debug|Any CPU.Build.0 = Debug|Any CPU
		{A36BDDED-46FE-4EB4-B548-69F8C480359A}.Release|Any CPU.ActiveCfg = Release|Any CPU
		{A36BDDED-46FE-4EB4-B548-69F8C480359A}.Release|Any CPU.Build.0 = Release|Any CPU
		{B0ABB4F1-DA0B-48EE-8592-06394F97E0F5}.Debug|Any CPU.ActiveCfg = Debug|Any CPU
		{B0ABB4F1-DA0B-48EE-8592-06394F97E0F5}.Debug|Any CPU.Build.0 = Debug|Any CPU
		{B0ABB4F1-DA0B-48EE-8592-06394F97E0F5}.Release|Any CPU.ActiveCfg = Release|Any CPU
		{B0ABB4F1-DA0B-48EE-8592-06394F97E0F5}.Release|Any CPU.Build.0 = Release|Any CPU
	EndGlobalSection
	GlobalSection(SolutionProperties) = preSolution
		HideSolutionNode = FALSE
	EndGlobalSection
	GlobalSection(ExtensibilityGlobals) = postSolution
		SolutionGuid = {3507DFB2-7261-4A53-8047-2F19246423F1}
	EndGlobalSection
EndGlobal
