
Microsoft Visual Studio Solution File, Format Version 12.00
# Visual Studio Version 16
VisualStudioVersion = 16.0.30523.141
MinimumVisualStudioVersion = 10.0.40219.1
Project("{FAE04EC0-301F-11D3-BF4B-00C04F79EFBC}") = "01.Assertions", "01.Assertions\01.Assertions.csproj", "{460DA7C6-019E-4D07-8B46-7A459405C58D}"
EndProject
Global
	GlobalSection(SolutionConfigurationPlatforms) = preSolution
		Debug|Any CPU = Debug|Any CPU
		Release|Any CPU = Release|Any CPU
	EndGlobalSection
	GlobalSection(ProjectConfigurationPlatforms) = postSolution
		{460DA7C6-019E-4D07-8B46-7A459405C58D}.Debug|Any CPU.ActiveCfg = Debug|Any CPU
		{460DA7C6-019E-4D07-8B46-7A459405C58D}.Debug|Any CPU.Build.0 = Debug|Any CPU
		{460DA7C6-019E-4D07-8B46-7A459405C58D}.Release|Any CPU.ActiveCfg = Release|Any CPU
		{460DA7C6-019E-4D07-8B46-7A459405C58D}.Release|Any CPU.Build.0 = Release|Any CPU
	EndGlobalSection
	GlobalSection(SolutionProperties) = preSolution
		HideSolutionNode = FALSE
	EndGlobalSection
	GlobalSection(ExtensibilityGlobals) = postSolution
		SolutionGuid = {19767B72-00DE-4041-A4D3-44C91BE0AB15}
	EndGlobalSection
EndGlobal
