
Microsoft Visual Studio Solution File, Format Version 12.00
# Visual Studio Version 16
VisualStudioVersion = 16.0.30523.141
MinimumVisualStudioVersion = 10.0.40219.1
Project("{FAE04EC0-301F-11D3-BF4B-00C04F79EFBC}") = "01.JSONtask", "01.JSONtask\01.JSONtask.csproj", "{9FF7BDF0-79BA-4334-A662-82BEBC43BD5A}"
EndProject
Global
	GlobalSection(SolutionConfigurationPlatforms) = preSolution
		Debug|Any CPU = Debug|Any CPU
		Release|Any CPU = Release|Any CPU
	EndGlobalSection
	GlobalSection(ProjectConfigurationPlatforms) = postSolution
		{9FF7BDF0-79BA-4334-A662-82BEBC43BD5A}.Debug|Any CPU.ActiveCfg = Debug|Any CPU
		{9FF7BDF0-79BA-4334-A662-82BEBC43BD5A}.Debug|Any CPU.Build.0 = Debug|Any CPU
		{9FF7BDF0-79BA-4334-A662-82BEBC43BD5A}.Release|Any CPU.ActiveCfg = Release|Any CPU
		{9FF7BDF0-79BA-4334-A662-82BEBC43BD5A}.Release|Any CPU.Build.0 = Release|Any CPU
	EndGlobalSection
	GlobalSection(SolutionProperties) = preSolution
		HideSolutionNode = FALSE
	EndGlobalSection
	GlobalSection(ExtensibilityGlobals) = postSolution
		SolutionGuid = {2C24F3FB-89D7-4F17-81D1-54299A4ED0E9}
	EndGlobalSection
EndGlobal
