
Microsoft Visual Studio Solution File, Format Version 12.00
# Visual Studio Version 16
VisualStudioVersion = 16.0.29509.3
MinimumVisualStudioVersion = 10.0.40219.1
Project("{FAE04EC0-301F-11D3-BF4B-00C04F79EFBC}") = "01.DefineClass", "01.DefineClass\01.DefineClass.csproj", "{120ED9C8-CD87-4051-A3C1-DFAEE94FC1D3}"
EndProject
Global
	GlobalSection(SolutionConfigurationPlatforms) = preSolution
		Debug|Any CPU = Debug|Any CPU
		Release|Any CPU = Release|Any CPU
	EndGlobalSection
	GlobalSection(ProjectConfigurationPlatforms) = postSolution
		{120ED9C8-CD87-4051-A3C1-DFAEE94FC1D3}.Debug|Any CPU.ActiveCfg = Debug|Any CPU
		{120ED9C8-CD87-4051-A3C1-DFAEE94FC1D3}.Debug|Any CPU.Build.0 = Debug|Any CPU
		{120ED9C8-CD87-4051-A3C1-DFAEE94FC1D3}.Release|Any CPU.ActiveCfg = Release|Any CPU
		{120ED9C8-CD87-4051-A3C1-DFAEE94FC1D3}.Release|Any CPU.Build.0 = Release|Any CPU
	EndGlobalSection
	GlobalSection(SolutionProperties) = preSolution
		HideSolutionNode = FALSE
	EndGlobalSection
	GlobalSection(ExtensibilityGlobals) = postSolution
		SolutionGuid = {2A1D5DE7-D600-4182-AB15-DCDBABBA6FDA}
	EndGlobalSection
EndGlobal
