
Microsoft Visual Studio Solution File, Format Version 12.00
# Visual Studio Version 16
VisualStudioVersion = 16.0.30523.141
MinimumVisualStudioVersion = 10.0.40219.1
Project("{FAE04EC0-301F-11D3-BF4B-00C04F79EFBC}") = "01.Abstraction", "01.Abstraction\01.Abstraction.csproj", "{EC405DC7-E46C-4C3B-84CC-7D50B7D3B6A6}"
EndProject
Project("{FAE04EC0-301F-11D3-BF4B-00C04F79EFBC}") = "03.CohesionAndCoupling", "03.CohesionAndCoupling\03.CohesionAndCoupling.csproj", "{A3009D80-7F17-44C9-8D59-49555834098C}"
EndProject
Global
	GlobalSection(SolutionConfigurationPlatforms) = preSolution
		Debug|Any CPU = Debug|Any CPU
		Release|Any CPU = Release|Any CPU
	EndGlobalSection
	GlobalSection(ProjectConfigurationPlatforms) = postSolution
		{EC405DC7-E46C-4C3B-84CC-7D50B7D3B6A6}.Debug|Any CPU.ActiveCfg = Debug|Any CPU
		{EC405DC7-E46C-4C3B-84CC-7D50B7D3B6A6}.Debug|Any CPU.Build.0 = Debug|Any CPU
		{EC405DC7-E46C-4C3B-84CC-7D50B7D3B6A6}.Release|Any CPU.ActiveCfg = Release|Any CPU
		{EC405DC7-E46C-4C3B-84CC-7D50B7D3B6A6}.Release|Any CPU.Build.0 = Release|Any CPU
		{A3009D80-7F17-44C9-8D59-49555834098C}.Debug|Any CPU.ActiveCfg = Debug|Any CPU
		{A3009D80-7F17-44C9-8D59-49555834098C}.Debug|Any CPU.Build.0 = Debug|Any CPU
		{A3009D80-7F17-44C9-8D59-49555834098C}.Release|Any CPU.ActiveCfg = Release|Any CPU
		{A3009D80-7F17-44C9-8D59-49555834098C}.Release|Any CPU.Build.0 = Release|Any CPU
	EndGlobalSection
	GlobalSection(SolutionProperties) = preSolution
		HideSolutionNode = FALSE
	EndGlobalSection
	GlobalSection(ExtensibilityGlobals) = postSolution
		SolutionGuid = {5614A386-2D07-4EED-A927-EFC5C36C4D35}
	EndGlobalSection
EndGlobal
