
Microsoft Visual Studio Solution File, Format Version 12.00
# Visual Studio Version 16
VisualStudioVersion = 16.0.30523.141
MinimumVisualStudioVersion = 10.0.40219.1
Project("{9A19103F-16F7-4668-BE54-9A1E7A4F7556}") = "01.class_123InCSharp", "01.class_123InCSharp\01.class_123InCSharp.csproj", "{15D1F7BB-375E-46D7-B888-D30CBEF6CB5A}"
EndProject
Project("{9A19103F-16F7-4668-BE54-9A1E7A4F7556}") = "02.MakePersonInCSharp", "02.MakePersonInCSharp\02.MakePersonInCSharp.csproj", "{920EF077-FDA3-47EE-A039-3778489BEA01}"
EndProject
Project("{FAE04EC0-301F-11D3-BF4B-00C04F79EFBC}") = "03.ClickOnTheButtonJS", "03.ClickOnTheButtonJS\03.ClickOnTheButtonJS.csproj", "{EBCA87CB-7B11-4B89-8280-582B4BA740F1}"
EndProject
Project("{FAE04EC0-301F-11D3-BF4B-00C04F79EFBC}") = "04.Re-factorAndImproveTheCode", "04.Re-factorAndImproveTheCode\04.Re-factorAndImproveTheCode.csproj", "{9D6D66DD-52C2-48B7-B910-681AF01FF678}"
EndProject
Global
	GlobalSection(SolutionConfigurationPlatforms) = preSolution
		Debug|Any CPU = Debug|Any CPU
		Release|Any CPU = Release|Any CPU
	EndGlobalSection
	GlobalSection(ProjectConfigurationPlatforms) = postSolution
		{15D1F7BB-375E-46D7-B888-D30CBEF6CB5A}.Debug|Any CPU.ActiveCfg = Debug|Any CPU
		{15D1F7BB-375E-46D7-B888-D30CBEF6CB5A}.Debug|Any CPU.Build.0 = Debug|Any CPU
		{15D1F7BB-375E-46D7-B888-D30CBEF6CB5A}.Release|Any CPU.ActiveCfg = Release|Any CPU
		{15D1F7BB-375E-46D7-B888-D30CBEF6CB5A}.Release|Any CPU.Build.0 = Release|Any CPU
		{920EF077-FDA3-47EE-A039-3778489BEA01}.Debug|Any CPU.ActiveCfg = Debug|Any CPU
		{920EF077-FDA3-47EE-A039-3778489BEA01}.Debug|Any CPU.Build.0 = Debug|Any CPU
		{920EF077-FDA3-47EE-A039-3778489BEA01}.Release|Any CPU.ActiveCfg = Release|Any CPU
		{920EF077-FDA3-47EE-A039-3778489BEA01}.Release|Any CPU.Build.0 = Release|Any CPU
		{EBCA87CB-7B11-4B89-8280-582B4BA740F1}.Debug|Any CPU.ActiveCfg = Debug|Any CPU
		{EBCA87CB-7B11-4B89-8280-582B4BA740F1}.Debug|Any CPU.Build.0 = Debug|Any CPU
		{EBCA87CB-7B11-4B89-8280-582B4BA740F1}.Release|Any CPU.ActiveCfg = Release|Any CPU
		{EBCA87CB-7B11-4B89-8280-582B4BA740F1}.Release|Any CPU.Build.0 = Release|Any CPU
		{9D6D66DD-52C2-48B7-B910-681AF01FF678}.Debug|Any CPU.ActiveCfg = Debug|Any CPU
		{9D6D66DD-52C2-48B7-B910-681AF01FF678}.Debug|Any CPU.Build.0 = Debug|Any CPU
		{9D6D66DD-52C2-48B7-B910-681AF01FF678}.Release|Any CPU.ActiveCfg = Release|Any CPU
		{9D6D66DD-52C2-48B7-B910-681AF01FF678}.Release|Any CPU.Build.0 = Release|Any CPU
	EndGlobalSection
	GlobalSection(SolutionProperties) = preSolution
		HideSolutionNode = FALSE
	EndGlobalSection
	GlobalSection(ExtensibilityGlobals) = postSolution
		SolutionGuid = {76BB1D80-3AD6-4680-A65F-E6EB9F61CF9C}
	EndGlobalSection
EndGlobal
