
Microsoft Visual Studio Solution File, Format Version 12.00
# Visual Studio Version 16
VisualStudioVersion = 16.0.29509.3
MinimumVisualStudioVersion = 10.0.40219.1
Project("{9A19103F-16F7-4668-BE54-9A1E7A4F7556}") = "01.HelloWorld", "01.HelloWorld\01.HelloWorld.csproj", "{0084D854-34BF-4754-94AB-E97BD300FD3F}"
EndProject
Project("{9A19103F-16F7-4668-BE54-9A1E7A4F7556}") = "02.PrintName", "02.PrintName\02.PrintName.csproj", "{3CA34437-19BA-4244-B988-A662AB3B9448}"
EndProject
Project("{9A19103F-16F7-4668-BE54-9A1E7A4F7556}") = "03.PrintNumbers", "03.PrintNumbers\03.PrintNumbers.csproj", "{24F6C76D-4377-436D-ACFE-3BE7D09EF036}"
EndProject
Project("{9A19103F-16F7-4668-BE54-9A1E7A4F7556}") = "04.PrintFirstAndLastName", "04.PrintFirstAndLastName\04.PrintFirstAndLastName.csproj", "{7BA705DC-8C4B-4142-A7AA-11CB5E9715C5}"
EndProject
Project("{9A19103F-16F7-4668-BE54-9A1E7A4F7556}") = "05.SquareRoot", "05.SquareRoot\05.SquareRoot.csproj", "{DFC50605-6262-4059-831F-D45E3CC3D7AE}"
EndProject
Project("{9A19103F-16F7-4668-BE54-9A1E7A4F7556}") = "06.PrintSequence", "06.PrintSequence\06.PrintSequence.csproj", "{DD9D664B-3477-4839-A39A-B6FDFA515F6E}"
EndProject
Project("{FAE04EC0-301F-11D3-BF4B-00C04F79EFBC}") = "07.FormatCode", "07.FormatCode\07.FormatCode.csproj", "{831DA5FC-6408-4623-B725-1AC1E5A20080}"
EndProject
Project("{FAE04EC0-301F-11D3-BF4B-00C04F79EFBC}") = "08.CurrentDateAndTime", "08.CurrentDateAndTime\08.CurrentDateAndTime.csproj", "{AF17036E-477E-416A-9501-EA112DA31EC7}"
EndProject
Project("{FAE04EC0-301F-11D3-BF4B-00C04F79EFBC}") = "09.Age", "09.Age\09.Age.csproj", "{35EE2774-4308-410F-AF51-7DD98A7BB511}"
EndProject
Project("{FAE04EC0-301F-11D3-BF4B-00C04F79EFBC}") = "10.PrintLongSequence", "10.PrintLongSequence\10.PrintLongSequence.csproj", "{895B1689-C05E-4328-A63A-099F27196FAD}"
EndProject
Project("{FAE04EC0-301F-11D3-BF4B-00C04F79EFBC}") = "11.PlayWithTheVSDebugger", "11.PlayWithTheVSDebugger\11.PlayWithTheVSDebugger.csproj", "{EFE12E43-35F3-4E60-B900-60E8D88DF471}"
EndProject
Global
	GlobalSection(SolutionConfigurationPlatforms) = preSolution
		Debug|Any CPU = Debug|Any CPU
		Release|Any CPU = Release|Any CPU
	EndGlobalSection
	GlobalSection(ProjectConfigurationPlatforms) = postSolution
		{0084D854-34BF-4754-94AB-E97BD300FD3F}.Debug|Any CPU.ActiveCfg = Debug|Any CPU
		{0084D854-34BF-4754-94AB-E97BD300FD3F}.Debug|Any CPU.Build.0 = Debug|Any CPU
		{0084D854-34BF-4754-94AB-E97BD300FD3F}.Release|Any CPU.ActiveCfg = Release|Any CPU
		{0084D854-34BF-4754-94AB-E97BD300FD3F}.Release|Any CPU.Build.0 = Release|Any CPU
		{3CA34437-19BA-4244-B988-A662AB3B9448}.Debug|Any CPU.ActiveCfg = Debug|Any CPU
		{3CA34437-19BA-4244-B988-A662AB3B9448}.Debug|Any CPU.Build.0 = Debug|Any CPU
		{3CA34437-19BA-4244-B988-A662AB3B9448}.Release|Any CPU.ActiveCfg = Release|Any CPU
		{3CA34437-19BA-4244-B988-A662AB3B9448}.Release|Any CPU.Build.0 = Release|Any CPU
		{24F6C76D-4377-436D-ACFE-3BE7D09EF036}.Debug|Any CPU.ActiveCfg = Debug|Any CPU
		{24F6C76D-4377-436D-ACFE-3BE7D09EF036}.Debug|Any CPU.Build.0 = Debug|Any CPU
		{24F6C76D-4377-436D-ACFE-3BE7D09EF036}.Release|Any CPU.ActiveCfg = Release|Any CPU
		{24F6C76D-4377-436D-ACFE-3BE7D09EF036}.Release|Any CPU.Build.0 = Release|Any CPU
		{7BA705DC-8C4B-4142-A7AA-11CB5E9715C5}.Debug|Any CPU.ActiveCfg = Debug|Any CPU
		{7BA705DC-8C4B-4142-A7AA-11CB5E9715C5}.Debug|Any CPU.Build.0 = Debug|Any CPU
		{7BA705DC-8C4B-4142-A7AA-11CB5E9715C5}.Release|Any CPU.ActiveCfg = Release|Any CPU
		{7BA705DC-8C4B-4142-A7AA-11CB5E9715C5}.Release|Any CPU.Build.0 = Release|Any CPU
		{DFC50605-6262-4059-831F-D45E3CC3D7AE}.Debug|Any CPU.ActiveCfg = Debug|Any CPU
		{DFC50605-6262-4059-831F-D45E3CC3D7AE}.Debug|Any CPU.Build.0 = Debug|Any CPU
		{DFC50605-6262-4059-831F-D45E3CC3D7AE}.Release|Any CPU.ActiveCfg = Release|Any CPU
		{DFC50605-6262-4059-831F-D45E3CC3D7AE}.Release|Any CPU.Build.0 = Release|Any CPU
		{DD9D664B-3477-4839-A39A-B6FDFA515F6E}.Debug|Any CPU.ActiveCfg = Debug|Any CPU
		{DD9D664B-3477-4839-A39A-B6FDFA515F6E}.Debug|Any CPU.Build.0 = Debug|Any CPU
		{DD9D664B-3477-4839-A39A-B6FDFA515F6E}.Release|Any CPU.ActiveCfg = Release|Any CPU
		{DD9D664B-3477-4839-A39A-B6FDFA515F6E}.Release|Any CPU.Build.0 = Release|Any CPU
		{831DA5FC-6408-4623-B725-1AC1E5A20080}.Debug|Any CPU.ActiveCfg = Debug|Any CPU
		{831DA5FC-6408-4623-B725-1AC1E5A20080}.Debug|Any CPU.Build.0 = Debug|Any CPU
		{831DA5FC-6408-4623-B725-1AC1E5A20080}.Release|Any CPU.ActiveCfg = Release|Any CPU
		{831DA5FC-6408-4623-B725-1AC1E5A20080}.Release|Any CPU.Build.0 = Release|Any CPU
		{AF17036E-477E-416A-9501-EA112DA31EC7}.Debug|Any CPU.ActiveCfg = Debug|Any CPU
		{AF17036E-477E-416A-9501-EA112DA31EC7}.Debug|Any CPU.Build.0 = Debug|Any CPU
		{AF17036E-477E-416A-9501-EA112DA31EC7}.Release|Any CPU.ActiveCfg = Release|Any CPU
		{AF17036E-477E-416A-9501-EA112DA31EC7}.Release|Any CPU.Build.0 = Release|Any CPU
		{35EE2774-4308-410F-AF51-7DD98A7BB511}.Debug|Any CPU.ActiveCfg = Debug|Any CPU
		{35EE2774-4308-410F-AF51-7DD98A7BB511}.Debug|Any CPU.Build.0 = Debug|Any CPU
		{35EE2774-4308-410F-AF51-7DD98A7BB511}.Release|Any CPU.ActiveCfg = Release|Any CPU
		{35EE2774-4308-410F-AF51-7DD98A7BB511}.Release|Any CPU.Build.0 = Release|Any CPU
		{895B1689-C05E-4328-A63A-099F27196FAD}.Debug|Any CPU.ActiveCfg = Debug|Any CPU
		{895B1689-C05E-4328-A63A-099F27196FAD}.Debug|Any CPU.Build.0 = Debug|Any CPU
		{895B1689-C05E-4328-A63A-099F27196FAD}.Release|Any CPU.ActiveCfg = Release|Any CPU
		{895B1689-C05E-4328-A63A-099F27196FAD}.Release|Any CPU.Build.0 = Release|Any CPU
		{EFE12E43-35F3-4E60-B900-60E8D88DF471}.Debug|Any CPU.ActiveCfg = Debug|Any CPU
		{EFE12E43-35F3-4E60-B900-60E8D88DF471}.Debug|Any CPU.Build.0 = Debug|Any CPU
		{EFE12E43-35F3-4E60-B900-60E8D88DF471}.Release|Any CPU.ActiveCfg = Release|Any CPU
		{EFE12E43-35F3-4E60-B900-60E8D88DF471}.Release|Any CPU.Build.0 = Release|Any CPU
	EndGlobalSection
	GlobalSection(SolutionProperties) = preSolution
		HideSolutionNode = FALSE
	EndGlobalSection
	GlobalSection(ExtensibilityGlobals) = postSolution
		SolutionGuid = {649DCEFF-1465-469E-B5D5-C48B891DC2F6}
	EndGlobalSection
EndGlobal
