
Microsoft Visual Studio Solution File, Format Version 12.00
# Visual Studio Version 16
VisualStudioVersion = 16.0.30523.141
MinimumVisualStudioVersion = 10.0.40219.1
Project("{FAE04EC0-301F-11D3-BF4B-00C04F79EFBC}") = "01.ClassChef", "01.ClassChef\01.ClassChef.csproj", "{03C480B2-2F1D-4ED3-B3C3-363645FE1017}"
EndProject
Project("{FAE04EC0-301F-11D3-BF4B-00C04F79EFBC}") = "02.RefactorTheIfStatements", "02.RefactorTheIfStatements\02.RefactorTheIfStatements.csproj", "{42CD858D-E41E-440C-935F-AB16A8C83E4E}"
EndProject
Project("{FAE04EC0-301F-11D3-BF4B-00C04F79EFBC}") = "03.RefactorTheLoop", "03.RefactorTheLoop\03.RefactorTheLoop.csproj", "{EAEDCB99-E79C-402A-A118-BEEA19AEB17D}"
EndProject
Global
	GlobalSection(SolutionConfigurationPlatforms) = preSolution
		Debug|Any CPU = Debug|Any CPU
		Release|Any CPU = Release|Any CPU
	EndGlobalSection
	GlobalSection(ProjectConfigurationPlatforms) = postSolution
		{03C480B2-2F1D-4ED3-B3C3-363645FE1017}.Debug|Any CPU.ActiveCfg = Debug|Any CPU
		{03C480B2-2F1D-4ED3-B3C3-363645FE1017}.Debug|Any CPU.Build.0 = Debug|Any CPU
		{03C480B2-2F1D-4ED3-B3C3-363645FE1017}.Release|Any CPU.ActiveCfg = Release|Any CPU
		{03C480B2-2F1D-4ED3-B3C3-363645FE1017}.Release|Any CPU.Build.0 = Release|Any CPU
		{42CD858D-E41E-440C-935F-AB16A8C83E4E}.Debug|Any CPU.ActiveCfg = Debug|Any CPU
		{42CD858D-E41E-440C-935F-AB16A8C83E4E}.Debug|Any CPU.Build.0 = Debug|Any CPU
		{42CD858D-E41E-440C-935F-AB16A8C83E4E}.Release|Any CPU.ActiveCfg = Release|Any CPU
		{42CD858D-E41E-440C-935F-AB16A8C83E4E}.Release|Any CPU.Build.0 = Release|Any CPU
		{EAEDCB99-E79C-402A-A118-BEEA19AEB17D}.Debug|Any CPU.ActiveCfg = Debug|Any CPU
		{EAEDCB99-E79C-402A-A118-BEEA19AEB17D}.Debug|Any CPU.Build.0 = Debug|Any CPU
		{EAEDCB99-E79C-402A-A118-BEEA19AEB17D}.Release|Any CPU.ActiveCfg = Release|Any CPU
		{EAEDCB99-E79C-402A-A118-BEEA19AEB17D}.Release|Any CPU.Build.0 = Release|Any CPU
	EndGlobalSection
	GlobalSection(SolutionProperties) = preSolution
		HideSolutionNode = FALSE
	EndGlobalSection
	GlobalSection(ExtensibilityGlobals) = postSolution
		SolutionGuid = {CF09A8C4-5BE5-4E92-9BAA-2494F7802F81}
	EndGlobalSection
EndGlobal
